
Microsoft Visual Studio Solution File, Format Version 12.00
# Visual Studio Version 16
VisualStudioVersion = 16.0.31702.278
MinimumVisualStudioVersion = 10.0.40219.1
Project("{9A19103F-16F7-4668-BE54-9A1E7A4F7556}") = "Karma", "Karma\Karma.csproj", "{6211C1BA-444F-44E6-B11A-DDF33C68746D}"
EndProject
Project("{FAE04EC0-301F-11D3-BF4B-00C04F79EFBC}") = "KarmaTests", "KarmaTests\KarmaTests.csproj", "{3DB33C15-3B58-4281-A680-7F0D2060A99C}"
EndProject
Global
	GlobalSection(SolutionConfigurationPlatforms) = preSolution
		Debug|Any CPU = Debug|Any CPU
		Release|Any CPU = Release|Any CPU
	EndGlobalSection
	GlobalSection(ProjectConfigurationPlatforms) = postSolution
		{6211C1BA-444F-44E6-B11A-DDF33C68746D}.Debug|Any CPU.ActiveCfg = Debug|Any CPU
		{6211C1BA-444F-44E6-B11A-DDF33C68746D}.Debug|Any CPU.Build.0 = Debug|Any CPU
		{6211C1BA-444F-44E6-B11A-DDF33C68746D}.Release|Any CPU.ActiveCfg = Release|Any CPU
		{6211C1BA-444F-44E6-B11A-DDF33C68746D}.Release|Any CPU.Build.0 = Release|Any CPU
		{3DB33C15-3B58-4281-A680-7F0D2060A99C}.Debug|Any CPU.ActiveCfg = Debug|Any CPU
		{3DB33C15-3B58-4281-A680-7F0D2060A99C}.Debug|Any CPU.Build.0 = Debug|Any CPU
		{3DB33C15-3B58-4281-A680-7F0D2060A99C}.Release|Any CPU.ActiveCfg = Release|Any CPU
		{3DB33C15-3B58-4281-A680-7F0D2060A99C}.Release|Any CPU.Build.0 = Release|Any CPU
	EndGlobalSection
	GlobalSection(SolutionProperties) = preSolution
		HideSolutionNode = FALSE
	EndGlobalSection
	GlobalSection(ExtensibilityGlobals) = postSolution
		SolutionGuid = {EE838734-5652-4BF8-A96D-0083B1EDCF58}
	EndGlobalSection
EndGlobal
